
Microsoft Visual Studio Solution File, Format Version 12.00
Project("{FAE04EC0-301F-11D3-BF4B-00C04F79EFBC}") = "SkinRenderer", "SkinRenderer\SkinRenderer.csproj", "{C907329B-7E5C-46D5-ABDC-37C67E55A90D}"
EndProject
Global
	GlobalSection(SolutionConfigurationPlatforms) = preSolution
		Debug|Any CPU = Debug|Any CPU
		Release|Any CPU = Release|Any CPU
	EndGlobalSection
	GlobalSection(ProjectConfigurationPlatforms) = postSolution
		{C907329B-7E5C-46D5-ABDC-37C67E55A90D}.Debug|Any CPU.ActiveCfg = Debug|Any CPU
		{C907329B-7E5C-46D5-ABDC-37C67E55A90D}.Debug|Any CPU.Build.0 = Debug|Any CPU
		{C907329B-7E5C-46D5-ABDC-37C67E55A90D}.Release|Any CPU.ActiveCfg = Release|Any CPU
		{C907329B-7E5C-46D5-ABDC-37C67E55A90D}.Release|Any CPU.Build.0 = Release|Any CPU
	EndGlobalSection
EndGlobal
